// !$*UTF8*$!
{
	archiveVersion = 1;
	classes = {
	};
	objectVersion = 56;
	objects = {

/* Begin PBXBuildFile section */
		93079C202965C47600696929 /* GoogleService-Info.plist in Resources */ = {isa = PBXBuildFile; fileRef = 93079C1F2965C47600696929 /* GoogleService-Info.plist */; };
		93079C232965C58A00696929 /* FirebaseAuth in Frameworks */ = {isa = PBXBuildFile; productRef = 93079C222965C58A00696929 /* FirebaseAuth */; };
		93079C252965C58A00696929 /* FirebaseFirestore in Frameworks */ = {isa = PBXBuildFile; productRef = 93079C242965C58A00696929 /* FirebaseFirestore */; };
		93079C272965C58A00696929 /* FirebaseStorage in Frameworks */ = {isa = PBXBuildFile; productRef = 93079C262965C58A00696929 /* FirebaseStorage */; };
		93079C292965C7CF00696929 /* AuthService.swift in Sources */ = {isa = PBXBuildFile; fileRef = 93079C282965C7CF00696929 /* AuthService.swift */; };
		93079C2C2965DEFF00696929 /* MainTabBarViewMode.swift in Sources */ = {isa = PBXBuildFile; fileRef = 93079C2B2965DEFF00696929 /* MainTabBarViewMode.swift */; };
		930937B4296B816400E3B800 /* ProfileViewModel.swift in Sources */ = {isa = PBXBuildFile; fileRef = 930937B3296B816400E3B800 /* ProfileViewModel.swift */; };
		932416A3296634E000FB9508 /* MUser.swift in Sources */ = {isa = PBXBuildFile; fileRef = 932416A2296634E000FB9508 /* MUser.swift */; };
		932416A529663E7700FB9508 /* DatabaseService.swift in Sources */ = {isa = PBXBuildFile; fileRef = 932416A429663E7700FB9508 /* DatabaseService.swift */; };
		937772C2296384CC0070F746 /* MainTabBar.swift in Sources */ = {isa = PBXBuildFile; fileRef = 937772C1296384CC0070F746 /* MainTabBar.swift */; };
		937772C4296386FF0070F746 /* CatalogView.swift in Sources */ = {isa = PBXBuildFile; fileRef = 937772C3296386FF0070F746 /* CatalogView.swift */; };
		937772C6296387080070F746 /* CartView.swift in Sources */ = {isa = PBXBuildFile; fileRef = 937772C5296387080070F746 /* CartView.swift */; };
		937772C8296387220070F746 /* ProfileView.swift in Sources */ = {isa = PBXBuildFile; fileRef = 937772C7296387220070F746 /* ProfileView.swift */; };
		937772CA296388480070F746 /* Product.swift in Sources */ = {isa = PBXBuildFile; fileRef = 937772C9296388480070F746 /* Product.swift */; };
		937772CD296389710070F746 /* ProdectCell.swift in Sources */ = {isa = PBXBuildFile; fileRef = 937772CC296389710070F746 /* ProdectCell.swift */; };
		939C6E05296377E900F06C7E /* PizzaShopApp.swift in Sources */ = {isa = PBXBuildFile; fileRef = 939C6E04296377E900F06C7E /* PizzaShopApp.swift */; };
		939C6E07296377E900F06C7E /* AuthView.swift in Sources */ = {isa = PBXBuildFile; fileRef = 939C6E06296377E900F06C7E /* AuthView.swift */; };
		939C6E09296377EA00F06C7E /* Assets.xcassets in Resources */ = {isa = PBXBuildFile; fileRef = 939C6E08296377EA00F06C7E /* Assets.xcassets */; };
		939C6E0C296377EA00F06C7E /* Preview Assets.xcassets in Resources */ = {isa = PBXBuildFile; fileRef = 939C6E0B296377EA00F06C7E /* Preview Assets.xcassets */; };
		93A11CAB2964C09700439BD2 /* CatalogViewModel.swift in Sources */ = {isa = PBXBuildFile; fileRef = 93A11CAA2964C09700439BD2 /* CatalogViewModel.swift */; };
		93A11CAD2964C81300439BD2 /* ProductDetailView.swift in Sources */ = {isa = PBXBuildFile; fileRef = 93A11CAC2964C81300439BD2 /* ProductDetailView.swift */; };
		93A11CB12964CB0E00439BD2 /* ProductDetailViewModel.swift in Sources */ = {isa = PBXBuildFile; fileRef = 93A11CB02964CB0E00439BD2 /* ProductDetailViewModel.swift */; };
		93A11CB32964D91900439BD2 /* CartViewModel.swift in Sources */ = {isa = PBXBuildFile; fileRef = 93A11CB22964D91900439BD2 /* CartViewModel.swift */; };
		93A11CB62964D99100439BD2 /* Position.swift in Sources */ = {isa = PBXBuildFile; fileRef = 93A11CB52964D99100439BD2 /* Position.swift */; };
		93A11CB82964EA3000439BD2 /* PositionCell.swift in Sources */ = {isa = PBXBuildFile; fileRef = 93A11CB72964EA3000439BD2 /* PositionCell.swift */; };
		93DB52AD296C3C6D00B84C89 /* Order.swift in Sources */ = {isa = PBXBuildFile; fileRef = 93DB52AC296C3C6D00B84C89 /* Order.swift */; };
		93DB52AF296C5D0D00B84C89 /* OrderStatus.swift in Sources */ = {isa = PBXBuildFile; fileRef = 93DB52AE296C5D0D00B84C89 /* OrderStatus.swift */; };
		93DB52B1296C67F700B84C89 /* OrderCell.swift in Sources */ = {isa = PBXBuildFile; fileRef = 93DB52B0296C67F700B84C89 /* OrderCell.swift */; };
/* End PBXBuildFile section */

/* Begin PBXFileReference section */
		93079C1F2965C47600696929 /* GoogleService-Info.plist */ = {isa = PBXFileReference; fileEncoding = 4; lastKnownFileType = text.plist.xml; path = "GoogleService-Info.plist"; sourceTree = "<group>"; };
		93079C282965C7CF00696929 /* AuthService.swift */ = {isa = PBXFileReference; lastKnownFileType = sourcecode.swift; path = AuthService.swift; sourceTree = "<group>"; };
		93079C2B2965DEFF00696929 /* MainTabBarViewMode.swift */ = {isa = PBXFileReference; lastKnownFileType = sourcecode.swift; path = MainTabBarViewMode.swift; sourceTree = "<group>"; };
		930937B3296B816400E3B800 /* ProfileViewModel.swift */ = {isa = PBXFileReference; lastKnownFileType = sourcecode.swift; path = ProfileViewModel.swift; sourceTree = "<group>"; };
		932416A2296634E000FB9508 /* MUser.swift */ = {isa = PBXFileReference; lastKnownFileType = sourcecode.swift; path = MUser.swift; sourceTree = "<group>"; };
		932416A429663E7700FB9508 /* DatabaseService.swift */ = {isa = PBXFileReference; lastKnownFileType = sourcecode.swift; path = DatabaseService.swift; sourceTree = "<group>"; };
		937772C1296384CC0070F746 /* MainTabBar.swift */ = {isa = PBXFileReference; lastKnownFileType = sourcecode.swift; path = MainTabBar.swift; sourceTree = "<group>"; };
		937772C3296386FF0070F746 /* CatalogView.swift */ = {isa = PBXFileReference; lastKnownFileType = sourcecode.swift; path = CatalogView.swift; sourceTree = "<group>"; };
		937772C5296387080070F746 /* CartView.swift */ = {isa = PBXFileReference; lastKnownFileType = sourcecode.swift; path = CartView.swift; sourceTree = "<group>"; };
		937772C7296387220070F746 /* ProfileView.swift */ = {isa = PBXFileReference; lastKnownFileType = sourcecode.swift; path = ProfileView.swift; sourceTree = "<group>"; };
		937772C9296388480070F746 /* Product.swift */ = {isa = PBXFileReference; lastKnownFileType = sourcecode.swift; path = Product.swift; sourceTree = "<group>"; };
		937772CC296389710070F746 /* ProdectCell.swift */ = {isa = PBXFileReference; lastKnownFileType = sourcecode.swift; path = ProdectCell.swift; sourceTree = "<group>"; };
		939C6E01296377E900F06C7E /* PizzaShop.app */ = {isa = PBXFileReference; explicitFileType = wrapper.application; includeInIndex = 0; path = PizzaShop.app; sourceTree = BUILT_PRODUCTS_DIR; };
		939C6E04296377E900F06C7E /* PizzaShopApp.swift */ = {isa = PBXFileReference; lastKnownFileType = sourcecode.swift; path = PizzaShopApp.swift; sourceTree = "<group>"; };
		939C6E06296377E900F06C7E /* AuthView.swift */ = {isa = PBXFileReference; lastKnownFileType = sourcecode.swift; path = AuthView.swift; sourceTree = "<group>"; };
		939C6E08296377EA00F06C7E /* Assets.xcassets */ = {isa = PBXFileReference; lastKnownFileType = folder.assetcatalog; path = Assets.xcassets; sourceTree = "<group>"; };
		939C6E0B296377EA00F06C7E /* Preview Assets.xcassets */ = {isa = PBXFileReference; lastKnownFileType = folder.assetcatalog; path = "Preview Assets.xcassets"; sourceTree = "<group>"; };
		93A11CAA2964C09700439BD2 /* CatalogViewModel.swift */ = {isa = PBXFileReference; lastKnownFileType = sourcecode.swift; path = CatalogViewModel.swift; sourceTree = "<group>"; };
		93A11CAC2964C81300439BD2 /* ProductDetailView.swift */ = {isa = PBXFileReference; lastKnownFileType = sourcecode.swift; path = ProductDetailView.swift; sourceTree = "<group>"; };
		93A11CB02964CB0E00439BD2 /* ProductDetailViewModel.swift */ = {isa = PBXFileReference; lastKnownFileType = sourcecode.swift; path = ProductDetailViewModel.swift; sourceTree = "<group>"; };
		93A11CB22964D91900439BD2 /* CartViewModel.swift */ = {isa = PBXFileReference; lastKnownFileType = sourcecode.swift; path = CartViewModel.swift; sourceTree = "<group>"; };
		93A11CB52964D99100439BD2 /* Position.swift */ = {isa = PBXFileReference; lastKnownFileType = sourcecode.swift; path = Position.swift; sourceTree = "<group>"; };
		93A11CB72964EA3000439BD2 /* PositionCell.swift */ = {isa = PBXFileReference; lastKnownFileType = sourcecode.swift; path = PositionCell.swift; sourceTree = "<group>"; };
		93DB52AC296C3C6D00B84C89 /* Order.swift */ = {isa = PBXFileReference; lastKnownFileType = sourcecode.swift; path = Order.swift; sourceTree = "<group>"; };
		93DB52AE296C5D0D00B84C89 /* OrderStatus.swift */ = {isa = PBXFileReference; lastKnownFileType = sourcecode.swift; path = OrderStatus.swift; sourceTree = "<group>"; };
		93DB52B0296C67F700B84C89 /* OrderCell.swift */ = {isa = PBXFileReference; lastKnownFileType = sourcecode.swift; path = OrderCell.swift; sourceTree = "<group>"; };
/* End PBXFileReference section */

/* Begin PBXFrameworksBuildPhase section */
		939C6DFE296377E900F06C7E /* Frameworks */ = {
			isa = PBXFrameworksBuildPhase;
			buildActionMask = 2147483647;
			files = (
				93079C232965C58A00696929 /* FirebaseAuth in Frameworks */,
				93079C252965C58A00696929 /* FirebaseFirestore in Frameworks */,
				93079C272965C58A00696929 /* FirebaseStorage in Frameworks */,
			);
			runOnlyForDeploymentPostprocessing = 0;
		};
/* End PBXFrameworksBuildPhase section */

/* Begin PBXGroup section */
		93079C2A2965C7D300696929 /* Services */ = {
			isa = PBXGroup;
			children = (
				93079C282965C7CF00696929 /* AuthService.swift */,
				932416A429663E7700FB9508 /* DatabaseService.swift */,
			);
			path = Services;
			sourceTree = "<group>";
		};
		937772CB2963893F0070F746 /* Views */ = {
			isa = PBXGroup;
			children = (
				937772CE296389740070F746 /* Components */,
				937772C7296387220070F746 /* ProfileView.swift */,
				937772C5296387080070F746 /* CartView.swift */,
				937772C3296386FF0070F746 /* CatalogView.swift */,
				937772C1296384CC0070F746 /* MainTabBar.swift */,
				939C6E06296377E900F06C7E /* AuthView.swift */,
				93A11CAC2964C81300439BD2 /* ProductDetailView.swift */,
			);
			path = Views;
			sourceTree = "<group>";
		};
		937772CE296389740070F746 /* Components */ = {
			isa = PBXGroup;
			children = (
				937772CC296389710070F746 /* ProdectCell.swift */,
				93A11CB72964EA3000439BD2 /* PositionCell.swift */,
				93DB52B0296C67F700B84C89 /* OrderCell.swift */,
			);
			path = Components;
			sourceTree = "<group>";
		};
		939C6DF8296377E900F06C7E = {
			isa = PBXGroup;
			children = (
				939C6E03296377E900F06C7E /* PizzaShop */,
				939C6E02296377E900F06C7E /* Products */,
			);
			sourceTree = "<group>";
		};
		939C6E02296377E900F06C7E /* Products */ = {
			isa = PBXGroup;
			children = (
				939C6E01296377E900F06C7E /* PizzaShop.app */,
			);
			name = Products;
			sourceTree = "<group>";
		};
		939C6E03296377E900F06C7E /* PizzaShop */ = {
			isa = PBXGroup;
			children = (
				93079C1F2965C47600696929 /* GoogleService-Info.plist */,
				93A11CB42964D95000439BD2 /* Model */,
				93A11CA92964C07700439BD2 /* ViewModel */,
				937772CB2963893F0070F746 /* Views */,
				939C6E08296377EA00F06C7E /* Assets.xcassets */,
				939C6E04296377E900F06C7E /* PizzaShopApp.swift */,
				939C6E0A296377EA00F06C7E /* Preview Content */,
				93079C2A2965C7D300696929 /* Services */,
			);
			path = PizzaShop;
			sourceTree = "<group>";
		};
		939C6E0A296377EA00F06C7E /* Preview Content */ = {
			isa = PBXGroup;
			children = (
				939C6E0B296377EA00F06C7E /* Preview Assets.xcassets */,
			);
			path = "Preview Content";
			sourceTree = "<group>";
		};
		93A11CA92964C07700439BD2 /* ViewModel */ = {
			isa = PBXGroup;
			children = (
				93A11CAA2964C09700439BD2 /* CatalogViewModel.swift */,
				93A11CB02964CB0E00439BD2 /* ProductDetailViewModel.swift */,
				93A11CB22964D91900439BD2 /* CartViewModel.swift */,
				93079C2B2965DEFF00696929 /* MainTabBarViewMode.swift */,
				930937B3296B816400E3B800 /* ProfileViewModel.swift */,
			);
			path = ViewModel;
			sourceTree = "<group>";
		};
		93A11CB42964D95000439BD2 /* Model */ = {
			isa = PBXGroup;
			children = (
				937772C9296388480070F746 /* Product.swift */,
				93A11CB52964D99100439BD2 /* Position.swift */,
				932416A2296634E000FB9508 /* MUser.swift */,
				93DB52AC296C3C6D00B84C89 /* Order.swift */,
				93DB52AE296C5D0D00B84C89 /* OrderStatus.swift */,
			);
			path = Model;
			sourceTree = "<group>";
		};
/* End PBXGroup section */

/* Begin PBXNativeTarget section */
		939C6E00296377E900F06C7E /* PizzaShop */ = {
			isa = PBXNativeTarget;
			buildConfigurationList = 939C6E0F296377EA00F06C7E /* Build configuration list for PBXNativeTarget "PizzaShop" */;
			buildPhases = (
				939C6DFD296377E900F06C7E /* Sources */,
				939C6DFE296377E900F06C7E /* Frameworks */,
				939C6DFF296377E900F06C7E /* Resources */,
			);
			buildRules = (
			);
			dependencies = (
			);
			name = PizzaShop;
			packageProductDependencies = (
				93079C222965C58A00696929 /* FirebaseAuth */,
				93079C242965C58A00696929 /* FirebaseFirestore */,
				93079C262965C58A00696929 /* FirebaseStorage */,
			);
			productName = PizzaShop;
			productReference = 939C6E01296377E900F06C7E /* PizzaShop.app */;
			productType = "com.apple.product-type.application";
		};
/* End PBXNativeTarget section */

/* Begin PBXProject section */
		939C6DF9296377E900F06C7E /* Project object */ = {
			isa = PBXProject;
			attributes = {
				BuildIndependentTargetsInParallel = 1;
				LastSwiftUpdateCheck = 1420;
				LastUpgradeCheck = 1420;
				TargetAttributes = {
					939C6E00296377E900F06C7E = {
						CreatedOnToolsVersion = 14.2;
					};
				};
			};
			buildConfigurationList = 939C6DFC296377E900F06C7E /* Build configuration list for PBXProject "PizzaShop" */;
			compatibilityVersion = "Xcode 14.0";
			developmentRegion = en;
			hasScannedForEncodings = 0;
			knownRegions = (
				en,
				Base,
			);
			mainGroup = 939C6DF8296377E900F06C7E;
			packageReferences = (
				93079C212965C58A00696929 /* XCRemoteSwiftPackageReference "firebase-ios-sdk" */,
			);
			productRefGroup = 939C6E02296377E900F06C7E /* Products */;
			projectDirPath = "";
			projectRoot = "";
			targets = (
				939C6E00296377E900F06C7E /* PizzaShop */,
			);
		};
/* End PBXProject section */

/* Begin PBXResourcesBuildPhase section */
		939C6DFF296377E900F06C7E /* Resources */ = {
			isa = PBXResourcesBuildPhase;
			buildActionMask = 2147483647;
			files = (
				939C6E0C296377EA00F06C7E /* Preview Assets.xcassets in Resources */,
				93079C202965C47600696929 /* GoogleService-Info.plist in Resources */,
				939C6E09296377EA00F06C7E /* Assets.xcassets in Resources */,
			);
			runOnlyForDeploymentPostprocessing = 0;
		};
/* End PBXResourcesBuildPhase section */

/* Begin PBXSourcesBuildPhase section */
		939C6DFD296377E900F06C7E /* Sources */ = {
			isa = PBXSourcesBuildPhase;
			buildActionMask = 2147483647;
			files = (
				932416A529663E7700FB9508 /* DatabaseService.swift in Sources */,
				930937B4296B816400E3B800 /* ProfileViewModel.swift in Sources */,
				93DB52AD296C3C6D00B84C89 /* Order.swift in Sources */,
				937772C2296384CC0070F746 /* MainTabBar.swift in Sources */,
				93A11CAD2964C81300439BD2 /* ProductDetailView.swift in Sources */,
				939C6E07296377E900F06C7E /* AuthView.swift in Sources */,
				937772C4296386FF0070F746 /* CatalogView.swift in Sources */,
				93079C2C2965DEFF00696929 /* MainTabBarViewMode.swift in Sources */,
				939C6E05296377E900F06C7E /* PizzaShopApp.swift in Sources */,
				93A11CB12964CB0E00439BD2 /* ProductDetailViewModel.swift in Sources */,
				93A11CB82964EA3000439BD2 /* PositionCell.swift in Sources */,
				937772C8296387220070F746 /* ProfileView.swift in Sources */,
				93DB52B1296C67F700B84C89 /* OrderCell.swift in Sources */,
				93DB52AF296C5D0D00B84C89 /* OrderStatus.swift in Sources */,
				93A11CB62964D99100439BD2 /* Position.swift in Sources */,
				937772CD296389710070F746 /* ProdectCell.swift in Sources */,
				93A11CB32964D91900439BD2 /* CartViewModel.swift in Sources */,
				937772C6296387080070F746 /* CartView.swift in Sources */,
				932416A3296634E000FB9508 /* MUser.swift in Sources */,
				93079C292965C7CF00696929 /* AuthService.swift in Sources */,
				937772CA296388480070F746 /* Product.swift in Sources */,
				93A11CAB2964C09700439BD2 /* CatalogViewModel.swift in Sources */,
			);
			runOnlyForDeploymentPostprocessing = 0;
		};
/* End PBXSourcesBuildPhase section */

/* Begin XCBuildConfiguration section */
		939C6E0D296377EA00F06C7E /* Debug */ = {
			isa = XCBuildConfiguration;
			buildSettings = {
				ALWAYS_SEARCH_USER_PATHS = NO;
				CLANG_ANALYZER_NONNULL = YES;
				CLANG_ANALYZER_NUMBER_OBJECT_CONVERSION = YES_AGGRESSIVE;
				CLANG_CXX_LANGUAGE_STANDARD = "gnu++20";
				CLANG_ENABLE_MODULES = YES;
				CLANG_ENABLE_OBJC_ARC = YES;
				CLANG_ENABLE_OBJC_WEAK = YES;
				CLANG_WARN_BLOCK_CAPTURE_AUTORELEASING = YES;
				CLANG_WARN_BOOL_CONVERSION = YES;
				CLANG_WARN_COMMA = YES;
				CLANG_WARN_CONSTANT_CONVERSION = YES;
				CLANG_WARN_DEPRECATED_OBJC_IMPLEMENTATIONS = YES;
				CLANG_WARN_DIRECT_OBJC_ISA_USAGE = YES_ERROR;
				CLANG_WARN_DOCUMENTATION_COMMENTS = YES;
				CLANG_WARN_EMPTY_BODY = YES;
				CLANG_WARN_ENUM_CONVERSION = YES;
				CLANG_WARN_INFINITE_RECURSION = YES;
				CLANG_WARN_INT_CONVERSION = YES;
				CLANG_WARN_NON_LITERAL_NULL_CONVERSION = YES;
				CLANG_WARN_OBJC_IMPLICIT_RETAIN_SELF = YES;
				CLANG_WARN_OBJC_LITERAL_CONVERSION = YES;
				CLANG_WARN_OBJC_ROOT_CLASS = YES_ERROR;
				CLANG_WARN_QUOTED_INCLUDE_IN_FRAMEWORK_HEADER = YES;
				CLANG_WARN_RANGE_LOOP_ANALYSIS = YES;
				CLANG_WARN_STRICT_PROTOTYPES = YES;
				CLANG_WARN_SUSPICIOUS_MOVE = YES;
				CLANG_WARN_UNGUARDED_AVAILABILITY = YES_AGGRESSIVE;
				CLANG_WARN_UNREACHABLE_CODE = YES;
				CLANG_WARN__DUPLICATE_METHOD_MATCH = YES;
				COPY_PHASE_STRIP = NO;
				DEBUG_INFORMATION_FORMAT = dwarf;
				ENABLE_STRICT_OBJC_MSGSEND = YES;
				ENABLE_TESTABILITY = YES;
				GCC_C_LANGUAGE_STANDARD = gnu11;
				GCC_DYNAMIC_NO_PIC = NO;
				GCC_NO_COMMON_BLOCKS = YES;
				GCC_OPTIMIZATION_LEVEL = 0;
				GCC_PREPROCESSOR_DEFINITIONS = (
					"DEBUG=1",
					"$(inherited)",
				);
				GCC_WARN_64_TO_32_BIT_CONVERSION = YES;
				GCC_WARN_ABOUT_RETURN_TYPE = YES_ERROR;
				GCC_WARN_UNDECLARED_SELECTOR = YES;
				GCC_WARN_UNINITIALIZED_AUTOS = YES_AGGRESSIVE;
				GCC_WARN_UNUSED_FUNCTION = YES;
				GCC_WARN_UNUSED_VARIABLE = YES;
				IPHONEOS_DEPLOYMENT_TARGET = 16.2;
				MTL_ENABLE_DEBUG_INFO = INCLUDE_SOURCE;
				MTL_FAST_MATH = YES;
				ONLY_ACTIVE_ARCH = YES;
				SDKROOT = iphoneos;
				SWIFT_ACTIVE_COMPILATION_CONDITIONS = DEBUG;
				SWIFT_OPTIMIZATION_LEVEL = "-Onone";
			};
			name = Debug;
		};
		939C6E0E296377EA00F06C7E /* Release */ = {
			isa = XCBuildConfiguration;
			buildSettings = {
				ALWAYS_SEARCH_USER_PATHS = NO;
				CLANG_ANALYZER_NONNULL = YES;
				CLANG_ANALYZER_NUMBER_OBJECT_CONVERSION = YES_AGGRESSIVE;
				CLANG_CXX_LANGUAGE_STANDARD = "gnu++20";
				CLANG_ENABLE_MODULES = YES;
				CLANG_ENABLE_OBJC_ARC = YES;
				CLANG_ENABLE_OBJC_WEAK = YES;
				CLANG_WARN_BLOCK_CAPTURE_AUTORELEASING = YES;
				CLANG_WARN_BOOL_CONVERSION = YES;
				CLANG_WARN_COMMA = YES;
				CLANG_WARN_CONSTANT_CONVERSION = YES;
				CLANG_WARN_DEPRECATED_OBJC_IMPLEMENTATIONS = YES;
				CLANG_WARN_DIRECT_OBJC_ISA_USAGE = YES_ERROR;
				CLANG_WARN_DOCUMENTATION_COMMENTS = YES;
				CLANG_WARN_EMPTY_BODY = YES;
				CLANG_WARN_ENUM_CONVERSION = YES;
				CLANG_WARN_INFINITE_RECURSION = YES;
				CLANG_WARN_INT_CONVERSION = YES;
				CLANG_WARN_NON_LITERAL_NULL_CONVERSION = YES;
				CLANG_WARN_OBJC_IMPLICIT_RETAIN_SELF = YES;
				CLANG_WARN_OBJC_LITERAL_CONVERSION = YES;
				CLANG_WARN_OBJC_ROOT_CLASS = YES_ERROR;
				CLANG_WARN_QUOTED_INCLUDE_IN_FRAMEWORK_HEADER = YES;
				CLANG_WARN_RANGE_LOOP_ANALYSIS = YES;
				CLANG_WARN_STRICT_PROTOTYPES = YES;
				CLANG_WARN_SUSPICIOUS_MOVE = YES;
				CLANG_WARN_UNGUARDED_AVAILABILITY = YES_AGGRESSIVE;
				CLANG_WARN_UNREACHABLE_CODE = YES;
				CLANG_WARN__DUPLICATE_METHOD_MATCH = YES;
				COPY_PHASE_STRIP = NO;
				DEBUG_INFORMATION_FORMAT = "dwarf-with-dsym";
				ENABLE_NS_ASSERTIONS = NO;
				ENABLE_STRICT_OBJC_MSGSEND = YES;
				GCC_C_LANGUAGE_STANDARD = gnu11;
				GCC_NO_COMMON_BLOCKS = YES;
				GCC_WARN_64_TO_32_BIT_CONVERSION = YES;
				GCC_WARN_ABOUT_RETURN_TYPE = YES_ERROR;
				GCC_WARN_UNDECLARED_SELECTOR = YES;
				GCC_WARN_UNINITIALIZED_AUTOS = YES_AGGRESSIVE;
				GCC_WARN_UNUSED_FUNCTION = YES;
				GCC_WARN_UNUSED_VARIABLE = YES;
				IPHONEOS_DEPLOYMENT_TARGET = 16.2;
				MTL_ENABLE_DEBUG_INFO = NO;
				MTL_FAST_MATH = YES;
				SDKROOT = iphoneos;
				SWIFT_COMPILATION_MODE = wholemodule;
				SWIFT_OPTIMIZATION_LEVEL = "-O";
				VALIDATE_PRODUCT = YES;
			};
			name = Release;
		};
		939C6E10296377EA00F06C7E /* Debug */ = {
			isa = XCBuildConfiguration;
			buildSettings = {
				ASSETCATALOG_COMPILER_APPICON_NAME = AppIcon;
				ASSETCATALOG_COMPILER_GLOBAL_ACCENT_COLOR_NAME = AccentColor;
				CODE_SIGN_STYLE = Automatic;
				CURRENT_PROJECT_VERSION = 1;
				DEVELOPMENT_ASSET_PATHS = "\"PizzaShop/Preview Content\"";
				DEVELOPMENT_TEAM = 269JFZMZB7;
				ENABLE_PREVIEWS = YES;
				GENERATE_INFOPLIST_FILE = YES;
				INFOPLIST_KEY_UIApplicationSceneManifest_Generation = YES;
				INFOPLIST_KEY_UIApplicationSupportsIndirectInputEvents = YES;
				INFOPLIST_KEY_UILaunchScreen_Generation = YES;
				INFOPLIST_KEY_UISupportedInterfaceOrientations_iPad = "UIInterfaceOrientationPortrait UIInterfaceOrientationPortraitUpsideDown UIInterfaceOrientationLandscapeLeft UIInterfaceOrientationLandscapeRight";
				INFOPLIST_KEY_UISupportedInterfaceOrientations_iPhone = "UIInterfaceOrientationPortrait UIInterfaceOrientationLandscapeLeft UIInterfaceOrientationLandscapeRight";
				LD_RUNPATH_SEARCH_PATHS = (
					"$(inherited)",
					"@executable_path/Frameworks",
				);
				MARKETING_VERSION = 1.0;
				PRODUCT_BUNDLE_IDENTIFIER = ru.Hvrdwell.PizzaShop;
				PRODUCT_NAME = "$(TARGET_NAME)";
				SWIFT_EMIT_LOC_STRINGS = YES;
				SWIFT_VERSION = 5.0;
				TARGETED_DEVICE_FAMILY = "1,2";
			};
			name = Debug;
		};
		939C6E11296377EA00F06C7E /* Release */ = {
			isa = XCBuildConfiguration;
			buildSettings = {
				ASSETCATALOG_COMPILER_APPICON_NAME = AppIcon;
				ASSETCATALOG_COMPILER_GLOBAL_ACCENT_COLOR_NAME = AccentColor;
				CODE_SIGN_STYLE = Automatic;
				CURRENT_PROJECT_VERSION = 1;
				DEVELOPMENT_ASSET_PATHS = "\"PizzaShop/Preview Content\"";
				DEVELOPMENT_TEAM = 269JFZMZB7;
				ENABLE_PREVIEWS = YES;
				GENERATE_INFOPLIST_FILE = YES;
				INFOPLIST_KEY_UIApplicationSceneManifest_Generation = YES;
				INFOPLIST_KEY_UIApplicationSupportsIndirectInputEvents = YES;
				INFOPLIST_KEY_UILaunchScreen_Generation = YES;
				INFOPLIST_KEY_UISupportedInterfaceOrientations_iPad = "UIInterfaceOrientationPortrait UIInterfaceOrientationPortraitUpsideDown UIInterfaceOrientationLandscapeLeft UIInterfaceOrientationLandscapeRight";
				INFOPLIST_KEY_UISupportedInterfaceOrientations_iPhone = "UIInterfaceOrientationPortrait UIInterfaceOrientationLandscapeLeft UIInterfaceOrientationLandscapeRight";
				LD_RUNPATH_SEARCH_PATHS = (
					"$(inherited)",
					"@executable_path/Frameworks",
				);
				MARKETING_VERSION = 1.0;
				PRODUCT_BUNDLE_IDENTIFIER = ru.Hvrdwell.PizzaShop;
				PRODUCT_NAME = "$(TARGET_NAME)";
				SWIFT_EMIT_LOC_STRINGS = YES;
				SWIFT_VERSION = 5.0;
				TARGETED_DEVICE_FAMILY = "1,2";
			};
			name = Release;
		};
/* End XCBuildConfiguration section */

/* Begin XCConfigurationList section */
		939C6DFC296377E900F06C7E /* Build configuration list for PBXProject "PizzaShop" */ = {
			isa = XCConfigurationList;
			buildConfigurations = (
				939C6E0D296377EA00F06C7E /* Debug */,
				939C6E0E296377EA00F06C7E /* Release */,
			);
			defaultConfigurationIsVisible = 0;
			defaultConfigurationName = Release;
		};
		939C6E0F296377EA00F06C7E /* Build configuration list for PBXNativeTarget "PizzaShop" */ = {
			isa = XCConfigurationList;
			buildConfigurations = (
				939C6E10296377EA00F06C7E /* Debug */,
				939C6E11296377EA00F06C7E /* Release */,
			);
			defaultConfigurationIsVisible = 0;
			defaultConfigurationName = Release;
		};
/* End XCConfigurationList section */

/* Begin XCRemoteSwiftPackageReference section */
		93079C212965C58A00696929 /* XCRemoteSwiftPackageReference "firebase-ios-sdk" */ = {
			isa = XCRemoteSwiftPackageReference;
			repositoryURL = "https://github.com/firebase/firebase-ios-sdk.git";
			requirement = {
				branch = master;
				kind = branch;
			};
		};
/* End XCRemoteSwiftPackageReference section */

/* Begin XCSwiftPackageProductDependency section */
		93079C222965C58A00696929 /* FirebaseAuth */ = {
			isa = XCSwiftPackageProductDependency;
			package = 93079C212965C58A00696929 /* XCRemoteSwiftPackageReference "firebase-ios-sdk" */;
			productName = FirebaseAuth;
		};
		93079C242965C58A00696929 /* FirebaseFirestore */ = {
			isa = XCSwiftPackageProductDependency;
			package = 93079C212965C58A00696929 /* XCRemoteSwiftPackageReference "firebase-ios-sdk" */;
			productName = FirebaseFirestore;
		};
		93079C262965C58A00696929 /* FirebaseStorage */ = {
			isa = XCSwiftPackageProductDependency;
			package = 93079C212965C58A00696929 /* XCRemoteSwiftPackageReference "firebase-ios-sdk" */;
			productName = FirebaseStorage;
		};
/* End XCSwiftPackageProductDependency section */
	};
	rootObject = 939C6DF9296377E900F06C7E /* Project object */;
}
